
Microsoft Visual Studio Solution File, Format Version 12.00
Project("{FAE04EC0-301F-11D3-BF4B-00C04F79EFBC}") = "Lesson1", "Lesson1\Lesson1.csproj", "{8F3C2836-0B50-4163-AC2A-CC677879910E}"
EndProject
Project("{FAE04EC0-301F-11D3-BF4B-00C04F79EFBC}") = "Lesson2", "Lesson2\Lesson2.csproj", "{B4FC4E12-B024-49BF-938C-A36B04B105AF}"
EndProject
Project("{FAE04EC0-301F-11D3-BF4B-00C04F79EFBC}") = "Lesson3", "Lesson3\Lesson3.csproj", "{D1E8AF0A-5A83-4DE4-B3E1-84215348FB3E}"
EndProject
Global
	GlobalSection(SolutionConfigurationPlatforms) = preSolution
		Debug|Any CPU = Debug|Any CPU
		Release|Any CPU = Release|Any CPU
	EndGlobalSection
	GlobalSection(ProjectConfigurationPlatforms) = postSolution
		{8F3C2836-0B50-4163-AC2A-CC677879910E}.Debug|Any CPU.ActiveCfg = Debug|Any CPU
		{8F3C2836-0B50-4163-AC2A-CC677879910E}.Debug|Any CPU.Build.0 = Debug|Any CPU
		{8F3C2836-0B50-4163-AC2A-CC677879910E}.Release|Any CPU.ActiveCfg = Release|Any CPU
		{8F3C2836-0B50-4163-AC2A-CC677879910E}.Release|Any CPU.Build.0 = Release|Any CPU
		{B4FC4E12-B024-49BF-938C-A36B04B105AF}.Debug|Any CPU.ActiveCfg = Debug|Any CPU
		{B4FC4E12-B024-49BF-938C-A36B04B105AF}.Debug|Any CPU.Build.0 = Debug|Any CPU
		{B4FC4E12-B024-49BF-938C-A36B04B105AF}.Release|Any CPU.ActiveCfg = Release|Any CPU
		{B4FC4E12-B024-49BF-938C-A36B04B105AF}.Release|Any CPU.Build.0 = Release|Any CPU
		{D1E8AF0A-5A83-4DE4-B3E1-84215348FB3E}.Debug|Any CPU.ActiveCfg = Debug|Any CPU
		{D1E8AF0A-5A83-4DE4-B3E1-84215348FB3E}.Debug|Any CPU.Build.0 = Debug|Any CPU
		{D1E8AF0A-5A83-4DE4-B3E1-84215348FB3E}.Release|Any CPU.ActiveCfg = Release|Any CPU
		{D1E8AF0A-5A83-4DE4-B3E1-84215348FB3E}.Release|Any CPU.Build.0 = Release|Any CPU
	EndGlobalSection
EndGlobal
