
Microsoft Visual Studio Solution File, Format Version 12.00
# Visual Studio Version 17
VisualStudioVersion = 17.0.31903.59
MinimumVisualStudioVersion = 10.0.40219.1
Project("{FAE04EC0-301F-11D3-BF4B-00C04F79EFBC}") = "GameTest", "GameTest\GameTest.csproj", "{9FA588ED-6E72-49F7-9A17-5773FC258468}"
EndProject
Project("{FAE04EC0-301F-11D3-BF4B-00C04F79EFBC}") = "Game", "Game\Game.csproj", "{52B6DC24-498D-4A13-A124-6B860D5C3123}"
EndProject
Global
	GlobalSection(SolutionConfigurationPlatforms) = preSolution
		Debug|Any CPU = Debug|Any CPU
		Release|Any CPU = Release|Any CPU
	EndGlobalSection
	GlobalSection(SolutionProperties) = preSolution
		HideSolutionNode = FALSE
	EndGlobalSection
	GlobalSection(ProjectConfigurationPlatforms) = postSolution
		{9FA588ED-6E72-49F7-9A17-5773FC258468}.Debug|Any CPU.ActiveCfg = Debug|Any CPU
		{9FA588ED-6E72-49F7-9A17-5773FC258468}.Debug|Any CPU.Build.0 = Debug|Any CPU
		{9FA588ED-6E72-49F7-9A17-5773FC258468}.Release|Any CPU.ActiveCfg = Release|Any CPU
		{9FA588ED-6E72-49F7-9A17-5773FC258468}.Release|Any CPU.Build.0 = Release|Any CPU
		{52B6DC24-498D-4A13-A124-6B860D5C3123}.Debug|Any CPU.ActiveCfg = Debug|Any CPU
		{52B6DC24-498D-4A13-A124-6B860D5C3123}.Debug|Any CPU.Build.0 = Debug|Any CPU
		{52B6DC24-498D-4A13-A124-6B860D5C3123}.Release|Any CPU.ActiveCfg = Release|Any CPU
		{52B6DC24-498D-4A13-A124-6B860D5C3123}.Release|Any CPU.Build.0 = Release|Any CPU
	EndGlobalSection
EndGlobal
