
Microsoft Visual Studio Solution File, Format Version 12.00
# Visual Studio Version 16
VisualStudioVersion = 16.0.30114.105
MinimumVisualStudioVersion = 10.0.40219.1
Project("{FAE04EC0-301F-11D3-BF4B-00C04F79EFBC}") = "StackTask", "StackTask\StackTask.csproj", "{1D8FFD05-3937-4643-B40A-786C480A3077}"
EndProject
Project("{FAE04EC0-301F-11D3-BF4B-00C04F79EFBC}") = "StackTest", "StackTest\StackTest.csproj", "{EBEBEB07-622F-4E14-8A29-963058525DB8}"
EndProject
Global
	GlobalSection(SolutionConfigurationPlatforms) = preSolution
		Debug|Any CPU = Debug|Any CPU
		Release|Any CPU = Release|Any CPU
	EndGlobalSection
	GlobalSection(SolutionProperties) = preSolution
		HideSolutionNode = FALSE
	EndGlobalSection
	GlobalSection(ProjectConfigurationPlatforms) = postSolution
		{1D8FFD05-3937-4643-B40A-786C480A3077}.Debug|Any CPU.ActiveCfg = Debug|Any CPU
		{1D8FFD05-3937-4643-B40A-786C480A3077}.Debug|Any CPU.Build.0 = Debug|Any CPU
		{1D8FFD05-3937-4643-B40A-786C480A3077}.Release|Any CPU.ActiveCfg = Release|Any CPU
		{1D8FFD05-3937-4643-B40A-786C480A3077}.Release|Any CPU.Build.0 = Release|Any CPU
		{EBEBEB07-622F-4E14-8A29-963058525DB8}.Debug|Any CPU.ActiveCfg = Debug|Any CPU
		{EBEBEB07-622F-4E14-8A29-963058525DB8}.Debug|Any CPU.Build.0 = Debug|Any CPU
		{EBEBEB07-622F-4E14-8A29-963058525DB8}.Release|Any CPU.ActiveCfg = Release|Any CPU
		{EBEBEB07-622F-4E14-8A29-963058525DB8}.Release|Any CPU.Build.0 = Release|Any CPU
	EndGlobalSection
EndGlobal
